# THIS IS AN AUTOGENERATED FILE. DO NOT EDIT THIS FILE DIRECTLY.
# yarn lockfile v1


peggy@^1.2.0:
  version "1.2.0"
  resolved "https://registry.yarnpkg.com/peggy/-/peggy-1.2.0.tgz#657ba45900cbef1dc9f52356704bdbb193c2021c"
  integrity sha512-PQ+NKpAobImfMprYQtc4Egmyi29bidRGEX0kKjCU5uuW09s0Cthwqhfy7mLkwcB4VcgacE5L/ZjruD/kOPCUUw==
